{
  "name": "neighborhood",
  "lockfileVersion": 3,
  "requires": true,
  "packages": {
    "": {
      "dependencies": {
        "@dimforge/rapier3d-compat": "^0.16.0"
      }
    },
    "node_modules/@dimforge/rapier3d-compat": {
      "version": "0.16.0",
      "resolved": "https://registry.npmjs.org/@dimforge/rapier3d-compat/-/rapier3d-compat-0.16.0.tgz",
      "integrity": "sha512-3O5J8+TUuQi8w/j35K+pnh5PrTBQuSgQNSNWV8nIOallsIj5fuhSJsjci/m4L6V+BromJ8xYJcizTzeO2qqr7A==",
      "license": "Apache-2.0"
    }
  }
}
